
Microsoft Visual Studio Solution File, Format Version 12.00
# Visual Studio Version 17
VisualStudioVersion = 17.0.31912.275
MinimumVisualStudioVersion = 10.0.40219.1
Project("{2150E333-8FDC-42A3-9474-1A3956D46DE8}") = "Services", "Services", "{9743EC17-9D2A-4C1A-BDDB-2929A83AF2F5}"
EndProject
Project("{2150E333-8FDC-42A3-9474-1A3956D46DE8}") = "Web", "Web", "{89A876EE-A919-45CB-9139-BAC460322CDF}"
EndProject
Project("{2150E333-8FDC-42A3-9474-1A3956D46DE8}") = "Solution Items", "Solution Items", "{96C66C61-CD33-44EB-AF8F-B85CE640BF66}"
	ProjectSection(SolutionItems) = preProject
		.dockerignore = .dockerignore
		.editorconfig = .editorconfig
		.gitignore = .gitignore
		LICENSE = LICENSE
		README.md = README.md
	EndProjectSection
EndProject
Project("{2150E333-8FDC-42A3-9474-1A3956D46DE8}") = "Board", "Board", "{9C5686F8-D0BB-48CA-BB99-59A7E0350F1E}"
EndProject
Project("{2150E333-8FDC-42A3-9474-1A3956D46DE8}") = "User", "User", "{71EEA16E-EE79-4BCF-8F3F-621218C4F411}"
EndProject
Project("{2150E333-8FDC-42A3-9474-1A3956D46DE8}") = "src", "src", "{18A762DF-62DB-43DC-9B28-9E86E85D1127}"
EndProject
Project("{2150E333-8FDC-42A3-9474-1A3956D46DE8}") = "ApiGateway", "ApiGateway", "{60A27C93-3343-480F-B884-F8F774DEF90D}"
EndProject
Project("{2150E333-8FDC-42A3-9474-1A3956D46DE8}") = "BuildingBlocks", "BuildingBlocks", "{4D29AFA5-D59A-4227-925C-3B934ECCE673}"
EndProject
Project("{2150E333-8FDC-42A3-9474-1A3956D46DE8}") = "test", "test", "{5F2142C0-E775-4BAF-A06A-94F84BC48CDF}"
EndProject
Project("{9A19103F-16F7-4668-BE54-9A1E7A4F7556}") = "Application.FunctionalTests", "src\Tests\Application.FunctionalTests\Application.FunctionalTests.csproj", "{8F3C7CCA-0E5C-41E1-88A9-BFCD0CE4F497}"
EndProject
Project("{9A19103F-16F7-4668-BE54-9A1E7A4F7556}") = "Board.API", "src\Services\Board\Board.API\Board.API.csproj", "{DCFF3D1D-F9A2-4565-96AD-015DE5B83246}"
EndProject
Project("{E53339B2-1760-4266-BCC7-CA923CBCF16C}") = "docker-compose", "docker-compose.dcproj", "{3E36CA3E-BDED-4C1B-9F6E-8AE9A7FDFA8C}"
EndProject
Project("{9A19103F-16F7-4668-BE54-9A1E7A4F7556}") = "Board.Domain", "src\Services\Board\Board.Domain\Board.Domain.csproj", "{54FEA3C7-7F8E-415D-9D6B-81FF503B488D}"
EndProject
Project("{2150E333-8FDC-42A3-9474-1A3956D46DE8}") = "Identity", "Identity", "{DF51AB03-413B-4869-A5E7-E2B521570E13}"
EndProject
Project("{9A19103F-16F7-4668-BE54-9A1E7A4F7556}") = "Identity.API", "src\Services\Identity\Identity.API\Identity.API.csproj", "{6CAD6DC9-CB7B-4658-AE2F-48800F37012C}"
EndProject
Project("{9A19103F-16F7-4668-BE54-9A1E7A4F7556}") = "User.API", "src\Services\User\User.API\User.API.csproj", "{8E6581F9-B24D-40A9-B0F0-530B374F40E7}"
EndProject
Project("{9A19103F-16F7-4668-BE54-9A1E7A4F7556}") = "User.Domain", "src\Services\User\User.Domain\User.Domain.csproj", "{244990BB-0CBB-4148-A710-97494C483172}"
EndProject
Project("{9A19103F-16F7-4668-BE54-9A1E7A4F7556}") = "Board.Infrastructure", "src\Services\Board\Board.Infrastructure\Board.Infrastructure.csproj", "{ED5D9B33-36B2-4C13-AC48-94682CAD0674}"
EndProject
Project("{2150E333-8FDC-42A3-9474-1A3956D46DE8}") = "Shared", "Shared", "{65A88BC6-15AC-4F22-A78B-16B5F2BFE8CF}"
EndProject
Project("{9A19103F-16F7-4668-BE54-9A1E7A4F7556}") = "GatewayService", "src\ApiGateway\GatewayService.csproj", "{E71874A2-453F-4BF2-B246-E6F2B7F751EC}"
EndProject
Project("{54A90642-561A-4BB1-A94E-469ADEE60C69}") = "cube", "src\Web\cube\cube.esproj", "{2F34A763-12B2-47C1-B991-E9905393C1A7}"
EndProject
Project("{2150E333-8FDC-42A3-9474-1A3956D46DE8}") = "ServiceCenter", "ServiceCenter", "{66C2FF37-AEFC-4DE9-A568-82FE183E31C7}"
EndProject
Project("{9A19103F-16F7-4668-BE54-9A1E7A4F7556}") = "ConsulManager", "src\ServiceCenter\ConsulManager\ConsulManager.csproj", "{7BC0241A-760E-4A60-96BA-A55D8412BC9C}"
EndProject
Project("{9A19103F-16F7-4668-BE54-9A1E7A4F7556}") = "ServiceProtos", "src\Services\ServiceProtos\ServiceProtos.csproj", "{38EAC2B9-A30D-4F0F-8874-4286A75D421C}"
EndProject
Project("{9A19103F-16F7-4668-BE54-9A1E7A4F7556}") = "Repository", "src\Infrastructure\Repository\Repository.csproj", "{AA16195D-1BB9-408B-878B-57A6BB2C73F5}"
EndProject
Project("{9A19103F-16F7-4668-BE54-9A1E7A4F7556}") = "Board.Application", "src\Services\Board\Board.Application\Board.Application.csproj", "{EEFD9B49-7E61-4316-BA09-D7D0F4B71F40}"
EndProject
Project("{9A19103F-16F7-4668-BE54-9A1E7A4F7556}") = "User.Application", "src\Services\User\User.Application\User.Application.csproj", "{80B6B35B-5F77-4039-8E31-3745D12011D4}"
EndProject
Project("{9A19103F-16F7-4668-BE54-9A1E7A4F7556}") = "RedisRepository", "src\Infrastructure\RedisUtil\RedisRepository.csproj", "{990AC818-92C6-4658-A03B-207CA47FCABD}"
EndProject
Project("{9A19103F-16F7-4668-BE54-9A1E7A4F7556}") = "User.Infrastructure", "src\Services\User\User.Infrastructure\User.Infrastructure.csproj", "{F99CA5FC-329B-444C-874A-AA0C52782B51}"
EndProject
Project("{2150E333-8FDC-42A3-9474-1A3956D46DE8}") = "Certificates", "Certificates", "{D0C845BF-FEF9-4CB2-B01E-4AC00037DA10}"
	ProjectSection(SolutionItems) = preProject
		src\BuildingBlocks\Certificates\aspnetapp.pfx = src\BuildingBlocks\Certificates\aspnetapp.pfx
	EndProjectSection
EndProject
Project("{9A19103F-16F7-4668-BE54-9A1E7A4F7556}") = "MessageQueue", "src\Infrastructure\MessageQueue\MessageQueue.csproj", "{32333628-CD40-43AE-B841-D385C87291C0}"
EndProject
Project("{2150E333-8FDC-42A3-9474-1A3956D46DE8}") = "EventBus", "EventBus", "{0E66434E-76D3-45AE-B405-DC1F430D43AE}"
EndProject
Project("{9A19103F-16F7-4668-BE54-9A1E7A4F7556}") = "EventBus", "src\BuildingBlocks\EventBus\EventBus\EventBus.csproj", "{6D25C232-8A47-4539-858C-2EDA81CD7A68}"
EndProject
Project("{9A19103F-16F7-4668-BE54-9A1E7A4F7556}") = "EventBusRabbitMQ", "src\BuildingBlocks\EventBus\EventBusRabbitMQ\EventBusRabbitMQ.csproj", "{FB082D3E-326A-4CD3-8080-73C5DE6F2D5F}"
EndProject
Project("{2150E333-8FDC-42A3-9474-1A3956D46DE8}") = "Elastic", "Elastic", "{CF672FDC-9EF9-4BCF-94A5-18B058F5F76E}"
EndProject
Project("{FAE04EC0-301F-11D3-BF4B-00C04F79EFBC}") = "Elastic.API", "src\Services\Elastic\Elastic.API\Elastic.API.csproj", "{2383E893-A719-4901-BF95-1936662DD828}"
EndProject
Project("{FAE04EC0-301F-11D3-BF4B-00C04F79EFBC}") = "Elastic.Application", "src\Services\Elastic\Elastic.Application\Elastic.Application.csproj", "{9FE4E148-CAF4-4920-AE9E-5C847703292B}"
EndProject
Global
	GlobalSection(SolutionConfigurationPlatforms) = preSolution
		Debug|Any CPU = Debug|Any CPU
		Release|Any CPU = Release|Any CPU
	EndGlobalSection
	GlobalSection(ProjectConfigurationPlatforms) = postSolution
		{8F3C7CCA-0E5C-41E1-88A9-BFCD0CE4F497}.Debug|Any CPU.ActiveCfg = Debug|Any CPU
		{8F3C7CCA-0E5C-41E1-88A9-BFCD0CE4F497}.Debug|Any CPU.Build.0 = Debug|Any CPU
		{8F3C7CCA-0E5C-41E1-88A9-BFCD0CE4F497}.Release|Any CPU.ActiveCfg = Release|Any CPU
		{8F3C7CCA-0E5C-41E1-88A9-BFCD0CE4F497}.Release|Any CPU.Build.0 = Release|Any CPU
		{DCFF3D1D-F9A2-4565-96AD-015DE5B83246}.Debug|Any CPU.ActiveCfg = Debug|Any CPU
		{DCFF3D1D-F9A2-4565-96AD-015DE5B83246}.Debug|Any CPU.Build.0 = Debug|Any CPU
		{DCFF3D1D-F9A2-4565-96AD-015DE5B83246}.Release|Any CPU.ActiveCfg = Release|Any CPU
		{DCFF3D1D-F9A2-4565-96AD-015DE5B83246}.Release|Any CPU.Build.0 = Release|Any CPU
		{3E36CA3E-BDED-4C1B-9F6E-8AE9A7FDFA8C}.Debug|Any CPU.ActiveCfg = Debug|Any CPU
		{3E36CA3E-BDED-4C1B-9F6E-8AE9A7FDFA8C}.Release|Any CPU.ActiveCfg = Release|Any CPU
		{54FEA3C7-7F8E-415D-9D6B-81FF503B488D}.Debug|Any CPU.ActiveCfg = Debug|Any CPU
		{54FEA3C7-7F8E-415D-9D6B-81FF503B488D}.Debug|Any CPU.Build.0 = Debug|Any CPU
		{54FEA3C7-7F8E-415D-9D6B-81FF503B488D}.Release|Any CPU.ActiveCfg = Release|Any CPU
		{54FEA3C7-7F8E-415D-9D6B-81FF503B488D}.Release|Any CPU.Build.0 = Release|Any CPU
		{6CAD6DC9-CB7B-4658-AE2F-48800F37012C}.Debug|Any CPU.ActiveCfg = Debug|Any CPU
		{6CAD6DC9-CB7B-4658-AE2F-48800F37012C}.Debug|Any CPU.Build.0 = Debug|Any CPU
		{6CAD6DC9-CB7B-4658-AE2F-48800F37012C}.Release|Any CPU.ActiveCfg = Release|Any CPU
		{6CAD6DC9-CB7B-4658-AE2F-48800F37012C}.Release|Any CPU.Build.0 = Release|Any CPU
		{8E6581F9-B24D-40A9-B0F0-530B374F40E7}.Debug|Any CPU.ActiveCfg = Debug|Any CPU
		{8E6581F9-B24D-40A9-B0F0-530B374F40E7}.Debug|Any CPU.Build.0 = Debug|Any CPU
		{8E6581F9-B24D-40A9-B0F0-530B374F40E7}.Release|Any CPU.ActiveCfg = Release|Any CPU
		{8E6581F9-B24D-40A9-B0F0-530B374F40E7}.Release|Any CPU.Build.0 = Release|Any CPU
		{244990BB-0CBB-4148-A710-97494C483172}.Debug|Any CPU.ActiveCfg = Debug|Any CPU
		{244990BB-0CBB-4148-A710-97494C483172}.Debug|Any CPU.Build.0 = Debug|Any CPU
		{244990BB-0CBB-4148-A710-97494C483172}.Release|Any CPU.ActiveCfg = Release|Any CPU
		{244990BB-0CBB-4148-A710-97494C483172}.Release|Any CPU.Build.0 = Release|Any CPU
		{ED5D9B33-36B2-4C13-AC48-94682CAD0674}.Debug|Any CPU.ActiveCfg = Debug|Any CPU
		{ED5D9B33-36B2-4C13-AC48-94682CAD0674}.Debug|Any CPU.Build.0 = Debug|Any CPU
		{ED5D9B33-36B2-4C13-AC48-94682CAD0674}.Release|Any CPU.ActiveCfg = Release|Any CPU
		{ED5D9B33-36B2-4C13-AC48-94682CAD0674}.Release|Any CPU.Build.0 = Release|Any CPU
		{E71874A2-453F-4BF2-B246-E6F2B7F751EC}.Debug|Any CPU.ActiveCfg = Debug|Any CPU
		{E71874A2-453F-4BF2-B246-E6F2B7F751EC}.Debug|Any CPU.Build.0 = Debug|Any CPU
		{E71874A2-453F-4BF2-B246-E6F2B7F751EC}.Release|Any CPU.ActiveCfg = Release|Any CPU
		{E71874A2-453F-4BF2-B246-E6F2B7F751EC}.Release|Any CPU.Build.0 = Release|Any CPU
		{2F34A763-12B2-47C1-B991-E9905393C1A7}.Debug|Any CPU.ActiveCfg = Debug|Any CPU
		{2F34A763-12B2-47C1-B991-E9905393C1A7}.Debug|Any CPU.Build.0 = Debug|Any CPU
		{2F34A763-12B2-47C1-B991-E9905393C1A7}.Debug|Any CPU.Deploy.0 = Debug|Any CPU
		{2F34A763-12B2-47C1-B991-E9905393C1A7}.Release|Any CPU.ActiveCfg = Release|Any CPU
		{2F34A763-12B2-47C1-B991-E9905393C1A7}.Release|Any CPU.Build.0 = Release|Any CPU
		{2F34A763-12B2-47C1-B991-E9905393C1A7}.Release|Any CPU.Deploy.0 = Release|Any CPU
		{7BC0241A-760E-4A60-96BA-A55D8412BC9C}.Debug|Any CPU.ActiveCfg = Debug|Any CPU
		{7BC0241A-760E-4A60-96BA-A55D8412BC9C}.Debug|Any CPU.Build.0 = Debug|Any CPU
		{7BC0241A-760E-4A60-96BA-A55D8412BC9C}.Release|Any CPU.ActiveCfg = Release|Any CPU
		{7BC0241A-760E-4A60-96BA-A55D8412BC9C}.Release|Any CPU.Build.0 = Release|Any CPU
		{38EAC2B9-A30D-4F0F-8874-4286A75D421C}.Debug|Any CPU.ActiveCfg = Debug|Any CPU
		{38EAC2B9-A30D-4F0F-8874-4286A75D421C}.Debug|Any CPU.Build.0 = Debug|Any CPU
		{38EAC2B9-A30D-4F0F-8874-4286A75D421C}.Release|Any CPU.ActiveCfg = Release|Any CPU
		{38EAC2B9-A30D-4F0F-8874-4286A75D421C}.Release|Any CPU.Build.0 = Release|Any CPU
		{AA16195D-1BB9-408B-878B-57A6BB2C73F5}.Debug|Any CPU.ActiveCfg = Debug|Any CPU
		{AA16195D-1BB9-408B-878B-57A6BB2C73F5}.Debug|Any CPU.Build.0 = Debug|Any CPU
		{AA16195D-1BB9-408B-878B-57A6BB2C73F5}.Release|Any CPU.ActiveCfg = Release|Any CPU
		{AA16195D-1BB9-408B-878B-57A6BB2C73F5}.Release|Any CPU.Build.0 = Release|Any CPU
		{EEFD9B49-7E61-4316-BA09-D7D0F4B71F40}.Debug|Any CPU.ActiveCfg = Debug|Any CPU
		{EEFD9B49-7E61-4316-BA09-D7D0F4B71F40}.Debug|Any CPU.Build.0 = Debug|Any CPU
		{EEFD9B49-7E61-4316-BA09-D7D0F4B71F40}.Release|Any CPU.ActiveCfg = Release|Any CPU
		{EEFD9B49-7E61-4316-BA09-D7D0F4B71F40}.Release|Any CPU.Build.0 = Release|Any CPU
		{80B6B35B-5F77-4039-8E31-3745D12011D4}.Debug|Any CPU.ActiveCfg = Debug|Any CPU
		{80B6B35B-5F77-4039-8E31-3745D12011D4}.Debug|Any CPU.Build.0 = Debug|Any CPU
		{80B6B35B-5F77-4039-8E31-3745D12011D4}.Release|Any CPU.ActiveCfg = Release|Any CPU
		{80B6B35B-5F77-4039-8E31-3745D12011D4}.Release|Any CPU.Build.0 = Release|Any CPU
		{990AC818-92C6-4658-A03B-207CA47FCABD}.Debug|Any CPU.ActiveCfg = Debug|Any CPU
		{990AC818-92C6-4658-A03B-207CA47FCABD}.Debug|Any CPU.Build.0 = Debug|Any CPU
		{990AC818-92C6-4658-A03B-207CA47FCABD}.Release|Any CPU.ActiveCfg = Release|Any CPU
		{990AC818-92C6-4658-A03B-207CA47FCABD}.Release|Any CPU.Build.0 = Release|Any CPU
		{F99CA5FC-329B-444C-874A-AA0C52782B51}.Debug|Any CPU.ActiveCfg = Debug|Any CPU
		{F99CA5FC-329B-444C-874A-AA0C52782B51}.Debug|Any CPU.Build.0 = Debug|Any CPU
		{F99CA5FC-329B-444C-874A-AA0C52782B51}.Release|Any CPU.ActiveCfg = Release|Any CPU
		{F99CA5FC-329B-444C-874A-AA0C52782B51}.Release|Any CPU.Build.0 = Release|Any CPU
		{32333628-CD40-43AE-B841-D385C87291C0}.Debug|Any CPU.ActiveCfg = Debug|Any CPU
		{32333628-CD40-43AE-B841-D385C87291C0}.Debug|Any CPU.Build.0 = Debug|Any CPU
		{32333628-CD40-43AE-B841-D385C87291C0}.Release|Any CPU.ActiveCfg = Release|Any CPU
		{32333628-CD40-43AE-B841-D385C87291C0}.Release|Any CPU.Build.0 = Release|Any CPU
		{6D25C232-8A47-4539-858C-2EDA81CD7A68}.Debug|Any CPU.ActiveCfg = Debug|Any CPU
		{6D25C232-8A47-4539-858C-2EDA81CD7A68}.Debug|Any CPU.Build.0 = Debug|Any CPU
		{6D25C232-8A47-4539-858C-2EDA81CD7A68}.Release|Any CPU.ActiveCfg = Release|Any CPU
		{6D25C232-8A47-4539-858C-2EDA81CD7A68}.Release|Any CPU.Build.0 = Release|Any CPU
		{FB082D3E-326A-4CD3-8080-73C5DE6F2D5F}.Debug|Any CPU.ActiveCfg = Debug|Any CPU
		{FB082D3E-326A-4CD3-8080-73C5DE6F2D5F}.Debug|Any CPU.Build.0 = Debug|Any CPU
		{FB082D3E-326A-4CD3-8080-73C5DE6F2D5F}.Release|Any CPU.ActiveCfg = Release|Any CPU
		{FB082D3E-326A-4CD3-8080-73C5DE6F2D5F}.Release|Any CPU.Build.0 = Release|Any CPU
		{2383E893-A719-4901-BF95-1936662DD828}.Debug|Any CPU.ActiveCfg = Debug|Any CPU
		{2383E893-A719-4901-BF95-1936662DD828}.Debug|Any CPU.Build.0 = Debug|Any CPU
		{2383E893-A719-4901-BF95-1936662DD828}.Release|Any CPU.ActiveCfg = Release|Any CPU
		{2383E893-A719-4901-BF95-1936662DD828}.Release|Any CPU.Build.0 = Release|Any CPU
		{9FE4E148-CAF4-4920-AE9E-5C847703292B}.Debug|Any CPU.ActiveCfg = Debug|Any CPU
		{9FE4E148-CAF4-4920-AE9E-5C847703292B}.Debug|Any CPU.Build.0 = Debug|Any CPU
		{9FE4E148-CAF4-4920-AE9E-5C847703292B}.Release|Any CPU.ActiveCfg = Release|Any CPU
		{9FE4E148-CAF4-4920-AE9E-5C847703292B}.Release|Any CPU.Build.0 = Release|Any CPU
	EndGlobalSection
	GlobalSection(SolutionProperties) = preSolution
		HideSolutionNode = FALSE
	EndGlobalSection
	GlobalSection(NestedProjects) = preSolution
		{9743EC17-9D2A-4C1A-BDDB-2929A83AF2F5} = {18A762DF-62DB-43DC-9B28-9E86E85D1127}
		{89A876EE-A919-45CB-9139-BAC460322CDF} = {18A762DF-62DB-43DC-9B28-9E86E85D1127}
		{9C5686F8-D0BB-48CA-BB99-59A7E0350F1E} = {9743EC17-9D2A-4C1A-BDDB-2929A83AF2F5}
		{71EEA16E-EE79-4BCF-8F3F-621218C4F411} = {9743EC17-9D2A-4C1A-BDDB-2929A83AF2F5}
		{60A27C93-3343-480F-B884-F8F774DEF90D} = {18A762DF-62DB-43DC-9B28-9E86E85D1127}
		{4D29AFA5-D59A-4227-925C-3B934ECCE673} = {18A762DF-62DB-43DC-9B28-9E86E85D1127}
		{8F3C7CCA-0E5C-41E1-88A9-BFCD0CE4F497} = {5F2142C0-E775-4BAF-A06A-94F84BC48CDF}
		{DCFF3D1D-F9A2-4565-96AD-015DE5B83246} = {9C5686F8-D0BB-48CA-BB99-59A7E0350F1E}
		{54FEA3C7-7F8E-415D-9D6B-81FF503B488D} = {9C5686F8-D0BB-48CA-BB99-59A7E0350F1E}
		{DF51AB03-413B-4869-A5E7-E2B521570E13} = {9743EC17-9D2A-4C1A-BDDB-2929A83AF2F5}
		{6CAD6DC9-CB7B-4658-AE2F-48800F37012C} = {DF51AB03-413B-4869-A5E7-E2B521570E13}
		{8E6581F9-B24D-40A9-B0F0-530B374F40E7} = {71EEA16E-EE79-4BCF-8F3F-621218C4F411}
		{244990BB-0CBB-4148-A710-97494C483172} = {71EEA16E-EE79-4BCF-8F3F-621218C4F411}
		{ED5D9B33-36B2-4C13-AC48-94682CAD0674} = {9C5686F8-D0BB-48CA-BB99-59A7E0350F1E}
		{E71874A2-453F-4BF2-B246-E6F2B7F751EC} = {60A27C93-3343-480F-B884-F8F774DEF90D}
		{2F34A763-12B2-47C1-B991-E9905393C1A7} = {89A876EE-A919-45CB-9139-BAC460322CDF}
		{66C2FF37-AEFC-4DE9-A568-82FE183E31C7} = {18A762DF-62DB-43DC-9B28-9E86E85D1127}
		{7BC0241A-760E-4A60-96BA-A55D8412BC9C} = {66C2FF37-AEFC-4DE9-A568-82FE183E31C7}
		{38EAC2B9-A30D-4F0F-8874-4286A75D421C} = {65A88BC6-15AC-4F22-A78B-16B5F2BFE8CF}
		{AA16195D-1BB9-408B-878B-57A6BB2C73F5} = {65A88BC6-15AC-4F22-A78B-16B5F2BFE8CF}
		{EEFD9B49-7E61-4316-BA09-D7D0F4B71F40} = {9C5686F8-D0BB-48CA-BB99-59A7E0350F1E}
		{80B6B35B-5F77-4039-8E31-3745D12011D4} = {71EEA16E-EE79-4BCF-8F3F-621218C4F411}
		{990AC818-92C6-4658-A03B-207CA47FCABD} = {65A88BC6-15AC-4F22-A78B-16B5F2BFE8CF}
		{F99CA5FC-329B-444C-874A-AA0C52782B51} = {71EEA16E-EE79-4BCF-8F3F-621218C4F411}
		{D0C845BF-FEF9-4CB2-B01E-4AC00037DA10} = {4D29AFA5-D59A-4227-925C-3B934ECCE673}
		{32333628-CD40-43AE-B841-D385C87291C0} = {65A88BC6-15AC-4F22-A78B-16B5F2BFE8CF}
		{0E66434E-76D3-45AE-B405-DC1F430D43AE} = {4D29AFA5-D59A-4227-925C-3B934ECCE673}
		{6D25C232-8A47-4539-858C-2EDA81CD7A68} = {0E66434E-76D3-45AE-B405-DC1F430D43AE}
		{FB082D3E-326A-4CD3-8080-73C5DE6F2D5F} = {0E66434E-76D3-45AE-B405-DC1F430D43AE}
		{CF672FDC-9EF9-4BCF-94A5-18B058F5F76E} = {9743EC17-9D2A-4C1A-BDDB-2929A83AF2F5}
		{2383E893-A719-4901-BF95-1936662DD828} = {CF672FDC-9EF9-4BCF-94A5-18B058F5F76E}
		{9FE4E148-CAF4-4920-AE9E-5C847703292B} = {CF672FDC-9EF9-4BCF-94A5-18B058F5F76E}
	EndGlobalSection
	GlobalSection(ExtensibilityGlobals) = postSolution
		SolutionGuid = {45DA94DF-2FDD-4B55-9EDC-E05AC0BBC81C}
	EndGlobalSection
EndGlobal
