
Microsoft Visual Studio Solution File, Format Version 12.00
# Visual Studio Version 16
VisualStudioVersion = 16.0.30711.63
MinimumVisualStudioVersion = 10.0.40219.1
Project("{2150E333-8FDC-42A3-9474-1A3956D46DE8}") = "Services", "Services", "{9743EC17-9D2A-4C1A-BDDB-2929A83AF2F5}"
EndProject
Project("{2150E333-8FDC-42A3-9474-1A3956D46DE8}") = "Web", "Web", "{89A876EE-A919-45CB-9139-BAC460322CDF}"
EndProject
Project("{2150E333-8FDC-42A3-9474-1A3956D46DE8}") = "Solution Items", "Solution Items", "{96C66C61-CD33-44EB-AF8F-B85CE640BF66}"
EndProject
Project("{2150E333-8FDC-42A3-9474-1A3956D46DE8}") = "Board", "Board", "{9C5686F8-D0BB-48CA-BB99-59A7E0350F1E}"
EndProject
Project("{2150E333-8FDC-42A3-9474-1A3956D46DE8}") = "User", "User", "{71EEA16E-EE79-4BCF-8F3F-621218C4F411}"
EndProject
Project("{2150E333-8FDC-42A3-9474-1A3956D46DE8}") = "src", "src", "{18A762DF-62DB-43DC-9B28-9E86E85D1127}"
EndProject
Project("{2150E333-8FDC-42A3-9474-1A3956D46DE8}") = "ApiGateways", "ApiGateways", "{60A27C93-3343-480F-B884-F8F774DEF90D}"
EndProject
Project("{2150E333-8FDC-42A3-9474-1A3956D46DE8}") = "BuildingBlocks", "BuildingBlocks", "{4D29AFA5-D59A-4227-925C-3B934ECCE673}"
EndProject
Project("{2150E333-8FDC-42A3-9474-1A3956D46DE8}") = "test", "test", "{5F2142C0-E775-4BAF-A06A-94F84BC48CDF}"
EndProject
Project("{9A19103F-16F7-4668-BE54-9A1E7A4F7556}") = "Application.FunctionalTests", "src\Tests\Application.FunctionalTests\Application.FunctionalTests.csproj", "{8F3C7CCA-0E5C-41E1-88A9-BFCD0CE4F497}"
EndProject
Project("{9A19103F-16F7-4668-BE54-9A1E7A4F7556}") = "Board.API", "src\Services\Board\Board.API\Board.API.csproj", "{DCFF3D1D-F9A2-4565-96AD-015DE5B83246}"
EndProject
Project("{E53339B2-1760-4266-BCC7-CA923CBCF16C}") = "docker-compose", "docker-compose.dcproj", "{3E36CA3E-BDED-4C1B-9F6E-8AE9A7FDFA8C}"
EndProject
Project("{9A19103F-16F7-4668-BE54-9A1E7A4F7556}") = "Board.Domain", "src\Services\Board\Board.Domain\Board.Domain.csproj", "{54FEA3C7-7F8E-415D-9D6B-81FF503B488D}"
EndProject
Project("{9A19103F-16F7-4668-BE54-9A1E7A4F7556}") = "Web.Bff.DiscussionBoard", "src\ApiGateways\Web.Bff.DiscussionBoard\Web.Bff.DiscussionBoard.csproj", "{17EE0396-D96B-4283-9AAE-A35873ABED67}"
EndProject
Project("{2150E333-8FDC-42A3-9474-1A3956D46DE8}") = "Identity", "Identity", "{DF51AB03-413B-4869-A5E7-E2B521570E13}"
EndProject
Project("{9A19103F-16F7-4668-BE54-9A1E7A4F7556}") = "Identity.API", "src\Services\Identity\Identity.API\Identity.API.csproj", "{6CAD6DC9-CB7B-4658-AE2F-48800F37012C}"
EndProject
Project("{9A19103F-16F7-4668-BE54-9A1E7A4F7556}") = "User.API", "src\Services\User\User.API\User.API.csproj", "{8E6581F9-B24D-40A9-B0F0-530B374F40E7}"
EndProject
Project("{9A19103F-16F7-4668-BE54-9A1E7A4F7556}") = "User.Domain", "src\Services\User\User.Domain\User.Domain.csproj", "{244990BB-0CBB-4148-A710-97494C483172}"
EndProject
Project("{54A90642-561A-4BB1-A94E-469ADEE60C69}") = "cube", "src\Web\cube\cube.esproj", "{E9BA8DAB-7A9B-464E-8B7F-783F8C46DA12}"
EndProject
Project("{9A19103F-16F7-4668-BE54-9A1E7A4F7556}") = "Board.Respository", "src\Services\Board\Board.Respository\Board.Respository.csproj", "{ED5D9B33-36B2-4C13-AC48-94682CAD0674}"
EndProject
Project("{2150E333-8FDC-42A3-9474-1A3956D46DE8}") = "Infrastructure", "Infrastructure", "{65A88BC6-15AC-4F22-A78B-16B5F2BFE8CF}"
EndProject
Project("{FAE04EC0-301F-11D3-BF4B-00C04F79EFBC}") = "Data", "src\Infrastructure\Data\Data.csproj", "{F3F4F062-405D-4908-93F8-9DBB7A9DF7A2}"
EndProject
Project("{FAE04EC0-301F-11D3-BF4B-00C04F79EFBC}") = "User.Repository", "src\Services\User\User.Repository\User.Repository.csproj", "{756AB10E-C8FC-46DA-9A2D-E3447C7BE764}"
EndProject
Global
	GlobalSection(SolutionConfigurationPlatforms) = preSolution
		Debug|Any CPU = Debug|Any CPU
		Release|Any CPU = Release|Any CPU
	EndGlobalSection
	GlobalSection(ProjectConfigurationPlatforms) = postSolution
		{8F3C7CCA-0E5C-41E1-88A9-BFCD0CE4F497}.Debug|Any CPU.ActiveCfg = Debug|Any CPU
		{8F3C7CCA-0E5C-41E1-88A9-BFCD0CE4F497}.Debug|Any CPU.Build.0 = Debug|Any CPU
		{8F3C7CCA-0E5C-41E1-88A9-BFCD0CE4F497}.Release|Any CPU.ActiveCfg = Release|Any CPU
		{8F3C7CCA-0E5C-41E1-88A9-BFCD0CE4F497}.Release|Any CPU.Build.0 = Release|Any CPU
		{DCFF3D1D-F9A2-4565-96AD-015DE5B83246}.Debug|Any CPU.ActiveCfg = Debug|Any CPU
		{DCFF3D1D-F9A2-4565-96AD-015DE5B83246}.Debug|Any CPU.Build.0 = Debug|Any CPU
		{DCFF3D1D-F9A2-4565-96AD-015DE5B83246}.Release|Any CPU.ActiveCfg = Release|Any CPU
		{DCFF3D1D-F9A2-4565-96AD-015DE5B83246}.Release|Any CPU.Build.0 = Release|Any CPU
		{3E36CA3E-BDED-4C1B-9F6E-8AE9A7FDFA8C}.Debug|Any CPU.ActiveCfg = Debug|Any CPU
		{3E36CA3E-BDED-4C1B-9F6E-8AE9A7FDFA8C}.Release|Any CPU.ActiveCfg = Release|Any CPU
		{54FEA3C7-7F8E-415D-9D6B-81FF503B488D}.Debug|Any CPU.ActiveCfg = Debug|Any CPU
		{54FEA3C7-7F8E-415D-9D6B-81FF503B488D}.Debug|Any CPU.Build.0 = Debug|Any CPU
		{54FEA3C7-7F8E-415D-9D6B-81FF503B488D}.Release|Any CPU.ActiveCfg = Release|Any CPU
		{54FEA3C7-7F8E-415D-9D6B-81FF503B488D}.Release|Any CPU.Build.0 = Release|Any CPU
		{17EE0396-D96B-4283-9AAE-A35873ABED67}.Debug|Any CPU.ActiveCfg = Debug|Any CPU
		{17EE0396-D96B-4283-9AAE-A35873ABED67}.Debug|Any CPU.Build.0 = Debug|Any CPU
		{17EE0396-D96B-4283-9AAE-A35873ABED67}.Release|Any CPU.ActiveCfg = Release|Any CPU
		{17EE0396-D96B-4283-9AAE-A35873ABED67}.Release|Any CPU.Build.0 = Release|Any CPU
		{6CAD6DC9-CB7B-4658-AE2F-48800F37012C}.Debug|Any CPU.ActiveCfg = Debug|Any CPU
		{6CAD6DC9-CB7B-4658-AE2F-48800F37012C}.Debug|Any CPU.Build.0 = Debug|Any CPU
		{6CAD6DC9-CB7B-4658-AE2F-48800F37012C}.Release|Any CPU.ActiveCfg = Release|Any CPU
		{6CAD6DC9-CB7B-4658-AE2F-48800F37012C}.Release|Any CPU.Build.0 = Release|Any CPU
		{8E6581F9-B24D-40A9-B0F0-530B374F40E7}.Debug|Any CPU.ActiveCfg = Debug|Any CPU
		{8E6581F9-B24D-40A9-B0F0-530B374F40E7}.Debug|Any CPU.Build.0 = Debug|Any CPU
		{8E6581F9-B24D-40A9-B0F0-530B374F40E7}.Release|Any CPU.ActiveCfg = Release|Any CPU
		{8E6581F9-B24D-40A9-B0F0-530B374F40E7}.Release|Any CPU.Build.0 = Release|Any CPU
		{244990BB-0CBB-4148-A710-97494C483172}.Debug|Any CPU.ActiveCfg = Debug|Any CPU
		{244990BB-0CBB-4148-A710-97494C483172}.Debug|Any CPU.Build.0 = Debug|Any CPU
		{244990BB-0CBB-4148-A710-97494C483172}.Release|Any CPU.ActiveCfg = Release|Any CPU
		{244990BB-0CBB-4148-A710-97494C483172}.Release|Any CPU.Build.0 = Release|Any CPU
		{E9BA8DAB-7A9B-464E-8B7F-783F8C46DA12}.Debug|Any CPU.ActiveCfg = Debug|Any CPU
		{E9BA8DAB-7A9B-464E-8B7F-783F8C46DA12}.Debug|Any CPU.Build.0 = Debug|Any CPU
		{E9BA8DAB-7A9B-464E-8B7F-783F8C46DA12}.Debug|Any CPU.Deploy.0 = Debug|Any CPU
		{E9BA8DAB-7A9B-464E-8B7F-783F8C46DA12}.Release|Any CPU.ActiveCfg = Release|Any CPU
		{E9BA8DAB-7A9B-464E-8B7F-783F8C46DA12}.Release|Any CPU.Build.0 = Release|Any CPU
		{E9BA8DAB-7A9B-464E-8B7F-783F8C46DA12}.Release|Any CPU.Deploy.0 = Release|Any CPU
		{ED5D9B33-36B2-4C13-AC48-94682CAD0674}.Debug|Any CPU.ActiveCfg = Debug|Any CPU
		{ED5D9B33-36B2-4C13-AC48-94682CAD0674}.Debug|Any CPU.Build.0 = Debug|Any CPU
		{ED5D9B33-36B2-4C13-AC48-94682CAD0674}.Release|Any CPU.ActiveCfg = Release|Any CPU
		{ED5D9B33-36B2-4C13-AC48-94682CAD0674}.Release|Any CPU.Build.0 = Release|Any CPU
		{F3F4F062-405D-4908-93F8-9DBB7A9DF7A2}.Debug|Any CPU.ActiveCfg = Debug|Any CPU
		{F3F4F062-405D-4908-93F8-9DBB7A9DF7A2}.Debug|Any CPU.Build.0 = Debug|Any CPU
		{F3F4F062-405D-4908-93F8-9DBB7A9DF7A2}.Release|Any CPU.ActiveCfg = Release|Any CPU
		{F3F4F062-405D-4908-93F8-9DBB7A9DF7A2}.Release|Any CPU.Build.0 = Release|Any CPU
		{756AB10E-C8FC-46DA-9A2D-E3447C7BE764}.Debug|Any CPU.ActiveCfg = Debug|Any CPU
		{756AB10E-C8FC-46DA-9A2D-E3447C7BE764}.Debug|Any CPU.Build.0 = Debug|Any CPU
		{756AB10E-C8FC-46DA-9A2D-E3447C7BE764}.Release|Any CPU.ActiveCfg = Release|Any CPU
		{756AB10E-C8FC-46DA-9A2D-E3447C7BE764}.Release|Any CPU.Build.0 = Release|Any CPU
	EndGlobalSection
	GlobalSection(SolutionProperties) = preSolution
		HideSolutionNode = FALSE
	EndGlobalSection
	GlobalSection(NestedProjects) = preSolution
		{9743EC17-9D2A-4C1A-BDDB-2929A83AF2F5} = {18A762DF-62DB-43DC-9B28-9E86E85D1127}
		{89A876EE-A919-45CB-9139-BAC460322CDF} = {18A762DF-62DB-43DC-9B28-9E86E85D1127}
		{9C5686F8-D0BB-48CA-BB99-59A7E0350F1E} = {9743EC17-9D2A-4C1A-BDDB-2929A83AF2F5}
		{71EEA16E-EE79-4BCF-8F3F-621218C4F411} = {9743EC17-9D2A-4C1A-BDDB-2929A83AF2F5}
		{60A27C93-3343-480F-B884-F8F774DEF90D} = {18A762DF-62DB-43DC-9B28-9E86E85D1127}
		{4D29AFA5-D59A-4227-925C-3B934ECCE673} = {18A762DF-62DB-43DC-9B28-9E86E85D1127}
		{8F3C7CCA-0E5C-41E1-88A9-BFCD0CE4F497} = {5F2142C0-E775-4BAF-A06A-94F84BC48CDF}
		{DCFF3D1D-F9A2-4565-96AD-015DE5B83246} = {9C5686F8-D0BB-48CA-BB99-59A7E0350F1E}
		{54FEA3C7-7F8E-415D-9D6B-81FF503B488D} = {9C5686F8-D0BB-48CA-BB99-59A7E0350F1E}
		{17EE0396-D96B-4283-9AAE-A35873ABED67} = {60A27C93-3343-480F-B884-F8F774DEF90D}
		{DF51AB03-413B-4869-A5E7-E2B521570E13} = {9743EC17-9D2A-4C1A-BDDB-2929A83AF2F5}
		{6CAD6DC9-CB7B-4658-AE2F-48800F37012C} = {DF51AB03-413B-4869-A5E7-E2B521570E13}
		{8E6581F9-B24D-40A9-B0F0-530B374F40E7} = {71EEA16E-EE79-4BCF-8F3F-621218C4F411}
		{244990BB-0CBB-4148-A710-97494C483172} = {71EEA16E-EE79-4BCF-8F3F-621218C4F411}
		{E9BA8DAB-7A9B-464E-8B7F-783F8C46DA12} = {89A876EE-A919-45CB-9139-BAC460322CDF}
		{ED5D9B33-36B2-4C13-AC48-94682CAD0674} = {9C5686F8-D0BB-48CA-BB99-59A7E0350F1E}
		{65A88BC6-15AC-4F22-A78B-16B5F2BFE8CF} = {18A762DF-62DB-43DC-9B28-9E86E85D1127}
		{F3F4F062-405D-4908-93F8-9DBB7A9DF7A2} = {65A88BC6-15AC-4F22-A78B-16B5F2BFE8CF}
		{756AB10E-C8FC-46DA-9A2D-E3447C7BE764} = {71EEA16E-EE79-4BCF-8F3F-621218C4F411}
	EndGlobalSection
	GlobalSection(ExtensibilityGlobals) = postSolution
		SolutionGuid = {45DA94DF-2FDD-4B55-9EDC-E05AC0BBC81C}
	EndGlobalSection
EndGlobal
